
Microsoft Visual Studio Solution File, Format Version 12.00
# Visual Studio Version 16
VisualStudioVersion = 16.0.31019.35
MinimumVisualStudioVersion = 10.0.40219.1
Project("{8BC9CEB8-8B4A-11D0-8D11-00A0C91BC942}") = "B_Taski", "B_Taski\B_Taski.vcxproj", "{DBEEE7DA-8FF8-4728-8063-183D33D8F916}"
EndProject
Global
	GlobalSection(SolutionConfigurationPlatforms) = preSolution
		Debug|x64 = Debug|x64
		Debug|x86 = Debug|x86
		Release|x64 = Release|x64
		Release|x86 = Release|x86
	EndGlobalSection
	GlobalSection(ProjectConfigurationPlatforms) = postSolution
		{DBEEE7DA-8FF8-4728-8063-183D33D8F916}.Debug|x64.ActiveCfg = Debug|x64
		{DBEEE7DA-8FF8-4728-8063-183D33D8F916}.Debug|x64.Build.0 = Debug|x64
		{DBEEE7DA-8FF8-4728-8063-183D33D8F916}.Debug|x86.ActiveCfg = Debug|Win32
		{DBEEE7DA-8FF8-4728-8063-183D33D8F916}.Debug|x86.Build.0 = Debug|Win32
		{DBEEE7DA-8FF8-4728-8063-183D33D8F916}.Release|x64.ActiveCfg = Release|x64
		{DBEEE7DA-8FF8-4728-8063-183D33D8F916}.Release|x64.Build.0 = Release|x64
		{DBEEE7DA-8FF8-4728-8063-183D33D8F916}.Release|x86.ActiveCfg = Release|Win32
		{DBEEE7DA-8FF8-4728-8063-183D33D8F916}.Release|x86.Build.0 = Release|Win32
	EndGlobalSection
	GlobalSection(SolutionProperties) = preSolution
		HideSolutionNode = FALSE
	EndGlobalSection
	GlobalSection(ExtensibilityGlobals) = postSolution
		SolutionGuid = {1B1CFB12-1C29-43C1-86DF-39C7A98C7F1E}
	EndGlobalSection
EndGlobal
